
Microsoft Visual Studio Solution File, Format Version 12.00
# Visual Studio Version 16
VisualStudioVersion = 16.0.29709.97
MinimumVisualStudioVersion = 10.0.40219.1
Project("{FAE04EC0-301F-11D3-BF4B-00C04F79EFBC}") = "practich 10 classs", "practich 10 classs\practich 10 classs.csproj", "{4371B706-664C-4BF7-8F65-E5958E4CD80B}"
EndProject
Global
	GlobalSection(SolutionConfigurationPlatforms) = preSolution
		Debug|Any CPU = Debug|Any CPU
		Release|Any CPU = Release|Any CPU
	EndGlobalSection
	GlobalSection(ProjectConfigurationPlatforms) = postSolution
		{4371B706-664C-4BF7-8F65-E5958E4CD80B}.Debug|Any CPU.ActiveCfg = Debug|Any CPU
		{4371B706-664C-4BF7-8F65-E5958E4CD80B}.Debug|Any CPU.Build.0 = Debug|Any CPU
		{4371B706-664C-4BF7-8F65-E5958E4CD80B}.Release|Any CPU.ActiveCfg = Release|Any CPU
		{4371B706-664C-4BF7-8F65-E5958E4CD80B}.Release|Any CPU.Build.0 = Release|Any CPU
	EndGlobalSection
	GlobalSection(SolutionProperties) = preSolution
		HideSolutionNode = FALSE
	EndGlobalSection
	GlobalSection(ExtensibilityGlobals) = postSolution
		SolutionGuid = {A3993C47-33F7-45A0-9171-E0355FB93CDB}
	EndGlobalSection
EndGlobal
