
Microsoft Visual Studio Solution File, Format Version 12.00
# Visual Studio Version 16
VisualStudioVersion = 16.0.29709.97
MinimumVisualStudioVersion = 10.0.40219.1
Project("{FAE04EC0-301F-11D3-BF4B-00C04F79EFBC}") = "pract11 class", "pract11 class\pract11 class.csproj", "{F30473E6-B699-403B-84CA-50482A93D108}"
EndProject
Global
	GlobalSection(SolutionConfigurationPlatforms) = preSolution
		Debug|Any CPU = Debug|Any CPU
		Release|Any CPU = Release|Any CPU
	EndGlobalSection
	GlobalSection(ProjectConfigurationPlatforms) = postSolution
		{F30473E6-B699-403B-84CA-50482A93D108}.Debug|Any CPU.ActiveCfg = Debug|Any CPU
		{F30473E6-B699-403B-84CA-50482A93D108}.Debug|Any CPU.Build.0 = Debug|Any CPU
		{F30473E6-B699-403B-84CA-50482A93D108}.Release|Any CPU.ActiveCfg = Release|Any CPU
		{F30473E6-B699-403B-84CA-50482A93D108}.Release|Any CPU.Build.0 = Release|Any CPU
	EndGlobalSection
	GlobalSection(SolutionProperties) = preSolution
		HideSolutionNode = FALSE
	EndGlobalSection
	GlobalSection(ExtensibilityGlobals) = postSolution
		SolutionGuid = {D4D41BBF-7C3B-419C-A44F-0FD2135041A7}
	EndGlobalSection
EndGlobal
